
Microsoft Visual Studio Solution File, Format Version 12.00
# Visual Studio Version 16
VisualStudioVersion = 16.0.31005.135
MinimumVisualStudioVersion = 10.0.40219.1
Project("{8BC9CEB8-8B4A-11D0-8D11-00A0C91BC942}") = "LR2-3.1", "LR2-3.1\LR2-3.1.vcxproj", "{FC635468-A003-41B7-982A-29EA290DD856}"
EndProject
Global
	GlobalSection(SolutionConfigurationPlatforms) = preSolution
		Debug|x64 = Debug|x64
		Debug|x86 = Debug|x86
		Release|x64 = Release|x64
		Release|x86 = Release|x86
	EndGlobalSection
	GlobalSection(ProjectConfigurationPlatforms) = postSolution
		{FC635468-A003-41B7-982A-29EA290DD856}.Debug|x64.ActiveCfg = Debug|x64
		{FC635468-A003-41B7-982A-29EA290DD856}.Debug|x64.Build.0 = Debug|x64
		{FC635468-A003-41B7-982A-29EA290DD856}.Debug|x86.ActiveCfg = Debug|Win32
		{FC635468-A003-41B7-982A-29EA290DD856}.Debug|x86.Build.0 = Debug|Win32
		{FC635468-A003-41B7-982A-29EA290DD856}.Release|x64.ActiveCfg = Release|x64
		{FC635468-A003-41B7-982A-29EA290DD856}.Release|x64.Build.0 = Release|x64
		{FC635468-A003-41B7-982A-29EA290DD856}.Release|x86.ActiveCfg = Release|Win32
		{FC635468-A003-41B7-982A-29EA290DD856}.Release|x86.Build.0 = Release|Win32
	EndGlobalSection
	GlobalSection(SolutionProperties) = preSolution
		HideSolutionNode = FALSE
	EndGlobalSection
	GlobalSection(ExtensibilityGlobals) = postSolution
		SolutionGuid = {AD9EE696-CF01-4447-B5B2-0C3C5AF46C47}
	EndGlobalSection
EndGlobal
